
Microsoft Visual Studio Solution File, Format Version 12.00
# Visual Studio 15
VisualStudioVersion = 15.0.28010.2016
MinimumVisualStudioVersion = 10.0.40219.1
Project("{FAE04EC0-301F-11D3-BF4B-00C04F79EFBC}") = "TxtEditor", "TxtEditor\TxtEditor.csproj", "{13B198FB-D211-4730-A37A-775FC4E57FC2}"
EndProject
Global
	GlobalSection(SolutionConfigurationPlatforms) = preSolution
		Debug|Any CPU = Debug|Any CPU
		Release|Any CPU = Release|Any CPU
	EndGlobalSection
	GlobalSection(ProjectConfigurationPlatforms) = postSolution
		{13B198FB-D211-4730-A37A-775FC4E57FC2}.Debug|Any CPU.ActiveCfg = Debug|Any CPU
		{13B198FB-D211-4730-A37A-775FC4E57FC2}.Debug|Any CPU.Build.0 = Debug|Any CPU
		{13B198FB-D211-4730-A37A-775FC4E57FC2}.Release|Any CPU.ActiveCfg = Release|Any CPU
		{13B198FB-D211-4730-A37A-775FC4E57FC2}.Release|Any CPU.Build.0 = Release|Any CPU
	EndGlobalSection
	GlobalSection(SolutionProperties) = preSolution
		HideSolutionNode = FALSE
	EndGlobalSection
	GlobalSection(ExtensibilityGlobals) = postSolution
		SolutionGuid = {4FC12505-D6F8-4857-8AFF-1059CB1E2958}
	EndGlobalSection
EndGlobal
